
Microsoft Visual Studio Solution File, Format Version 12.00
# Visual Studio 15
Project("{FAE04EC0-301F-11D3-BF4B-00C04F79EFBC}") = "Painbox 2018.1.4", "Assembly-CSharp.csproj", "{6F5BAC16-D36A-767D-FB8C-D7F6D365E763}"
EndProject
Project("{FAE04EC0-301F-11D3-BF4B-00C04F79EFBC}") = "Painbox 2018.1.4", "Assembly-CSharp-Editor.csproj", "{F1CACB1C-AA2F-B561-4C96-2D595F570779}"
EndProject
Project("{FAE04EC0-301F-11D3-BF4B-00C04F79EFBC}") = "Assembly-CSharp.Player", "Assembly-CSharp.Player.csproj", "{37CDCF3F-0389-B63F-5625-A1C74B87B5B7}"
EndProject
Global
	GlobalSection(SolutionConfigurationPlatforms) = preSolution
		Debug|Any CPU = Debug|Any CPU
		Release|Any CPU = Release|Any CPU
	EndGlobalSection
	GlobalSection(ProjectConfigurationPlatforms) = postSolution
		{6F5BAC16-D36A-767D-FB8C-D7F6D365E763}.Debug|Any CPU.ActiveCfg = Debug|Any CPU
		{6F5BAC16-D36A-767D-FB8C-D7F6D365E763}.Debug|Any CPU.Build.0 = Debug|Any CPU
		{6F5BAC16-D36A-767D-FB8C-D7F6D365E763}.Release|Any CPU.ActiveCfg = Release|Any CPU
		{6F5BAC16-D36A-767D-FB8C-D7F6D365E763}.Release|Any CPU.Build.0 = Release|Any CPU
		{F1CACB1C-AA2F-B561-4C96-2D595F570779}.Debug|Any CPU.ActiveCfg = Debug|Any CPU
		{F1CACB1C-AA2F-B561-4C96-2D595F570779}.Debug|Any CPU.Build.0 = Debug|Any CPU
		{F1CACB1C-AA2F-B561-4C96-2D595F570779}.Release|Any CPU.ActiveCfg = Release|Any CPU
		{F1CACB1C-AA2F-B561-4C96-2D595F570779}.Release|Any CPU.Build.0 = Release|Any CPU
		{37CDCF3F-0389-B63F-5625-A1C74B87B5B7}.Debug|Any CPU.ActiveCfg = Debug|Any CPU
		{37CDCF3F-0389-B63F-5625-A1C74B87B5B7}.Debug|Any CPU.Build.0 = Debug|Any CPU
		{37CDCF3F-0389-B63F-5625-A1C74B87B5B7}.Release|Any CPU.ActiveCfg = Release|Any CPU
		{37CDCF3F-0389-B63F-5625-A1C74B87B5B7}.Release|Any CPU.Build.0 = Release|Any CPU
	EndGlobalSection
	GlobalSection(SolutionProperties) = preSolution
		HideSolutionNode = FALSE
	EndGlobalSection
EndGlobal
